
Microsoft Visual Studio Solution File, Format Version 12.00
# Visual Studio 2013
VisualStudioVersion = 12.0.40629.0
MinimumVisualStudioVersion = 10.0.40219.1
Project("{8BC9CEB8-8B4A-11D0-8D11-00A0C91BC942}") = "FirstCom", "FirstCom.vcxproj", "{E6E6C530-251D-4BA0-9C99-CB123AB0776F}"
EndProject
Project("{8BC9CEB8-8B4A-11D0-8D11-00A0C91BC942}") = "UseCom", "..\UseCom\UseCom.vcxproj", "{F4C640C3-E164-4D43-BFCD-7C34E2B203BC}"
EndProject
Global
	GlobalSection(SolutionConfigurationPlatforms) = preSolution
		Debug|Win32 = Debug|Win32
		Release|Win32 = Release|Win32
		Template|Win32 = Template|Win32
	EndGlobalSection
	GlobalSection(ProjectConfigurationPlatforms) = postSolution
		{E6E6C530-251D-4BA0-9C99-CB123AB0776F}.Debug|Win32.ActiveCfg = Debug|Win32
		{E6E6C530-251D-4BA0-9C99-CB123AB0776F}.Debug|Win32.Build.0 = Debug|Win32
		{E6E6C530-251D-4BA0-9C99-CB123AB0776F}.Release|Win32.ActiveCfg = Release|Win32
		{E6E6C530-251D-4BA0-9C99-CB123AB0776F}.Release|Win32.Build.0 = Release|Win32
		{E6E6C530-251D-4BA0-9C99-CB123AB0776F}.Template|Win32.ActiveCfg = Release|Win32
		{E6E6C530-251D-4BA0-9C99-CB123AB0776F}.Template|Win32.Build.0 = Release|Win32
		{F4C640C3-E164-4D43-BFCD-7C34E2B203BC}.Debug|Win32.ActiveCfg = Debug|Win32
		{F4C640C3-E164-4D43-BFCD-7C34E2B203BC}.Debug|Win32.Build.0 = Debug|Win32
		{F4C640C3-E164-4D43-BFCD-7C34E2B203BC}.Release|Win32.ActiveCfg = Release|Win32
		{F4C640C3-E164-4D43-BFCD-7C34E2B203BC}.Release|Win32.Build.0 = Release|Win32
		{F4C640C3-E164-4D43-BFCD-7C34E2B203BC}.Template|Win32.ActiveCfg = Template|Win32
		{F4C640C3-E164-4D43-BFCD-7C34E2B203BC}.Template|Win32.Build.0 = Template|Win32
	EndGlobalSection
	GlobalSection(SolutionProperties) = preSolution
		HideSolutionNode = FALSE
	EndGlobalSection
EndGlobal
